
Microsoft Visual Studio Solution File, Format Version 12.00
# Visual Studio Version 17
VisualStudioVersion = 17.11.35303.130
MinimumVisualStudioVersion = 10.0.40219.1
Project("{FAE04EC0-301F-11D3-BF4B-00C04F79EFBC}") = "Asssigenment4", "Asssigenment4.csproj", "{21946BD2-8ABC-4F69-9824-BAA38A204836}"
EndProject
Global
	GlobalSection(SolutionConfigurationPlatforms) = preSolution
		Debug|Any CPU = Debug|Any CPU
		Release|Any CPU = Release|Any CPU
	EndGlobalSection
	GlobalSection(ProjectConfigurationPlatforms) = postSolution
		{21946BD2-8ABC-4F69-9824-BAA38A204836}.Debug|Any CPU.ActiveCfg = Debug|Any CPU
		{21946BD2-8ABC-4F69-9824-BAA38A204836}.Debug|Any CPU.Build.0 = Debug|Any CPU
		{21946BD2-8ABC-4F69-9824-BAA38A204836}.Release|Any CPU.ActiveCfg = Release|Any CPU
		{21946BD2-8ABC-4F69-9824-BAA38A204836}.Release|Any CPU.Build.0 = Release|Any CPU
	EndGlobalSection
	GlobalSection(SolutionProperties) = preSolution
		HideSolutionNode = FALSE
	EndGlobalSection
	GlobalSection(ExtensibilityGlobals) = postSolution
		SolutionGuid = {542197CA-A886-4347-A48E-003939C0CC52}
	EndGlobalSection
EndGlobal
